// !$*UTF8*$!
{
	archiveVersion = 1;
	classes = {
	};
	objectVersion = 77;
	objects = {

/* Begin PBXBuildFile section */
		57540FB72CDE54BA009F9D1C /* README.md in Resources */ = {isa = PBXBuildFile; fileRef = 57540FB62CDE54AD009F9D1C /* README.md */; };
/* End PBXBuildFile section */

/* Begin PBXContainerItemProxy section */
		57540F852CDE0D93009F9D1C /* PBXContainerItemProxy */ = {
			isa = PBXContainerItemProxy;
			containerPortal = 57540F6C2CDE0D90009F9D1C /* Project object */;
			proxyType = 1;
			remoteGlobalIDString = 57540F732CDE0D90009F9D1C;
			remoteInfo = AirbnbSwiftUI;
		};
		57540F8F2CDE0D93009F9D1C /* PBXContainerItemProxy */ = {
			isa = PBXContainerItemProxy;
			containerPortal = 57540F6C2CDE0D90009F9D1C /* Project object */;
			proxyType = 1;
			remoteGlobalIDString = 57540F732CDE0D90009F9D1C;
			remoteInfo = AirbnbSwiftUI;
		};
/* End PBXContainerItemProxy section */

/* Begin PBXFileReference section */
		57540F742CDE0D90009F9D1C /* AirbnbSwiftUI.app */ = {isa = PBXFileReference; explicitFileType = wrapper.application; includeInIndex = 0; path = AirbnbSwiftUI.app; sourceTree = BUILT_PRODUCTS_DIR; };
		57540F842CDE0D93009F9D1C /* AirbnbSwiftUITests.xctest */ = {isa = PBXFileReference; explicitFileType = wrapper.cfbundle; includeInIndex = 0; path = AirbnbSwiftUITests.xctest; sourceTree = BUILT_PRODUCTS_DIR; };
		57540F8E2CDE0D93009F9D1C /* AirbnbSwiftUIUITests.xctest */ = {isa = PBXFileReference; explicitFileType = wrapper.cfbundle; includeInIndex = 0; path = AirbnbSwiftUIUITests.xctest; sourceTree = BUILT_PRODUCTS_DIR; };
		57540FB62CDE54AD009F9D1C /* README.md */ = {isa = PBXFileReference; lastKnownFileType = net.daringfireball.markdown; path = README.md; sourceTree = "<group>"; };
/* End PBXFileReference section */

/* Begin PBXFileSystemSynchronizedRootGroup section */
		57540F762CDE0D90009F9D1C /* AirbnbSwiftUI */ = {
			isa = PBXFileSystemSynchronizedRootGroup;
			path = AirbnbSwiftUI;
			sourceTree = "<group>";
		};
		57540F872CDE0D93009F9D1C /* AirbnbSwiftUITests */ = {
			isa = PBXFileSystemSynchronizedRootGroup;
			path = AirbnbSwiftUITests;
			sourceTree = "<group>";
		};
		57540F912CDE0D93009F9D1C /* AirbnbSwiftUIUITests */ = {
			isa = PBXFileSystemSynchronizedRootGroup;
			path = AirbnbSwiftUIUITests;
			sourceTree = "<group>";
		};
/* End PBXFileSystemSynchronizedRootGroup section */

/* Begin PBXFrameworksBuildPhase section */
		57540F712CDE0D90009F9D1C /* Frameworks */ = {
			isa = PBXFrameworksBuildPhase;
			buildActionMask = 2147483647;
			files = (
			);
			runOnlyForDeploymentPostprocessing = 0;
		};
		57540F812CDE0D93009F9D1C /* Frameworks */ = {
			isa = PBXFrameworksBuildPhase;
			buildActionMask = 2147483647;
			files = (
			);
			runOnlyForDeploymentPostprocessing = 0;
		};
		57540F8B2CDE0D93009F9D1C /* Frameworks */ = {
			isa = PBXFrameworksBuildPhase;
			buildActionMask = 2147483647;
			files = (
			);
			runOnlyForDeploymentPostprocessing = 0;
		};
/* End PBXFrameworksBuildPhase section */

/* Begin PBXGroup section */
		57540F6B2CDE0D90009F9D1C = {
			isa = PBXGroup;
			children = (
				57540FB62CDE54AD009F9D1C /* README.md */,
				57540F762CDE0D90009F9D1C /* AirbnbSwiftUI */,
				57540F872CDE0D93009F9D1C /* AirbnbSwiftUITests */,
				57540F912CDE0D93009F9D1C /* AirbnbSwiftUIUITests */,
				57540F752CDE0D90009F9D1C /* Products */,
			);
			sourceTree = "<group>";
		};
		57540F752CDE0D90009F9D1C /* Products */ = {
			isa = PBXGroup;
			children = (
				57540F742CDE0D90009F9D1C /* AirbnbSwiftUI.app */,
				57540F842CDE0D93009F9D1C /* AirbnbSwiftUITests.xctest */,
				57540F8E2CDE0D93009F9D1C /* AirbnbSwiftUIUITests.xctest */,
			);
			name = Products;
			sourceTree = "<group>";
		};
/* End PBXGroup section */

/* Begin PBXNativeTarget section */
		57540F732CDE0D90009F9D1C /* AirbnbSwiftUI */ = {
			isa = PBXNativeTarget;
			buildConfigurationList = 57540F982CDE0D93009F9D1C /* Build configuration list for PBXNativeTarget "AirbnbSwiftUI" */;
			buildPhases = (
				57540F702CDE0D90009F9D1C /* Sources */,
				57540F712CDE0D90009F9D1C /* Frameworks */,
				57540F722CDE0D90009F9D1C /* Resources */,
			);
			buildRules = (
			);
			dependencies = (
			);
			fileSystemSynchronizedGroups = (
				57540F762CDE0D90009F9D1C /* AirbnbSwiftUI */,
			);
			name = AirbnbSwiftUI;
			packageProductDependencies = (
			);
			productName = AirbnbSwiftUI;
			productReference = 57540F742CDE0D90009F9D1C /* AirbnbSwiftUI.app */;
			productType = "com.apple.product-type.application";
		};
		57540F832CDE0D93009F9D1C /* AirbnbSwiftUITests */ = {
			isa = PBXNativeTarget;
			buildConfigurationList = 57540F9B2CDE0D93009F9D1C /* Build configuration list for PBXNativeTarget "AirbnbSwiftUITests" */;
			buildPhases = (
				57540F802CDE0D93009F9D1C /* Sources */,
				57540F812CDE0D93009F9D1C /* Frameworks */,
				57540F822CDE0D93009F9D1C /* Resources */,
			);
			buildRules = (
			);
			dependencies = (
				57540F862CDE0D93009F9D1C /* PBXTargetDependency */,
			);
			fileSystemSynchronizedGroups = (
				57540F872CDE0D93009F9D1C /* AirbnbSwiftUITests */,
			);
			name = AirbnbSwiftUITests;
			packageProductDependencies = (
			);
			productName = AirbnbSwiftUITests;
			productReference = 57540F842CDE0D93009F9D1C /* AirbnbSwiftUITests.xctest */;
			productType = "com.apple.product-type.bundle.unit-test";
		};
		57540F8D2CDE0D93009F9D1C /* AirbnbSwiftUIUITests */ = {
			isa = PBXNativeTarget;
			buildConfigurationList = 57540F9E2CDE0D93009F9D1C /* Build configuration list for PBXNativeTarget "AirbnbSwiftUIUITests" */;
			buildPhases = (
				57540F8A2CDE0D93009F9D1C /* Sources */,
				57540F8B2CDE0D93009F9D1C /* Frameworks */,
				57540F8C2CDE0D93009F9D1C /* Resources */,
			);
			buildRules = (
			);
			dependencies = (
				57540F902CDE0D93009F9D1C /* PBXTargetDependency */,
			);
			fileSystemSynchronizedGroups = (
				57540F912CDE0D93009F9D1C /* AirbnbSwiftUIUITests */,
			);
			name = AirbnbSwiftUIUITests;
			packageProductDependencies = (
			);
			productName = AirbnbSwiftUIUITests;
			productReference = 57540F8E2CDE0D93009F9D1C /* AirbnbSwiftUIUITests.xctest */;
			productType = "com.apple.product-type.bundle.ui-testing";
		};
/* End PBXNativeTarget section */

/* Begin PBXProject section */
		57540F6C2CDE0D90009F9D1C /* Project object */ = {
			isa = PBXProject;
			attributes = {
				BuildIndependentTargetsInParallel = 1;
				LastSwiftUpdateCheck = 1610;
				LastUpgradeCheck = 1610;
				TargetAttributes = {
					57540F732CDE0D90009F9D1C = {
						CreatedOnToolsVersion = 16.1;
					};
					57540F832CDE0D93009F9D1C = {
						CreatedOnToolsVersion = 16.1;
						TestTargetID = 57540F732CDE0D90009F9D1C;
					};
					57540F8D2CDE0D93009F9D1C = {
						CreatedOnToolsVersion = 16.1;
						TestTargetID = 57540F732CDE0D90009F9D1C;
					};
				};
			};
			buildConfigurationList = 57540F6F2CDE0D90009F9D1C /* Build configuration list for PBXProject "AirbnbSwiftUI" */;
			developmentRegion = en;
			hasScannedForEncodings = 0;
			knownRegions = (
				en,
				Base,
			);
			mainGroup = 57540F6B2CDE0D90009F9D1C;
			minimizedProjectReferenceProxies = 1;
			preferredProjectObjectVersion = 77;
			productRefGroup = 57540F752CDE0D90009F9D1C /* Products */;
			projectDirPath = "";
			projectRoot = "";
			targets = (
				57540F732CDE0D90009F9D1C /* AirbnbSwiftUI */,
				57540F832CDE0D93009F9D1C /* AirbnbSwiftUITests */,
				57540F8D2CDE0D93009F9D1C /* AirbnbSwiftUIUITests */,
			);
		};
/* End PBXProject section */

/* Begin PBXResourcesBuildPhase section */
		57540F722CDE0D90009F9D1C /* Resources */ = {
			isa = PBXResourcesBuildPhase;
			buildActionMask = 2147483647;
			files = (
				57540FB72CDE54BA009F9D1C /* README.md in Resources */,
			);
			runOnlyForDeploymentPostprocessing = 0;
		};
		57540F822CDE0D93009F9D1C /* Resources */ = {
			isa = PBXResourcesBuildPhase;
			buildActionMask = 2147483647;
			files = (
			);
			runOnlyForDeploymentPostprocessing = 0;
		};
		57540F8C2CDE0D93009F9D1C /* Resources */ = {
			isa = PBXResourcesBuildPhase;
			buildActionMask = 2147483647;
			files = (
			);
			runOnlyForDeploymentPostprocessing = 0;
		};
/* End PBXResourcesBuildPhase section */

/* Begin PBXSourcesBuildPhase section */
		57540F702CDE0D90009F9D1C /* Sources */ = {
			isa = PBXSourcesBuildPhase;
			buildActionMask = 2147483647;
			files = (
			);
			runOnlyForDeploymentPostprocessing = 0;
		};
		57540F802CDE0D93009F9D1C /* Sources */ = {
			isa = PBXSourcesBuildPhase;
			buildActionMask = 2147483647;
			files = (
			);
			runOnlyForDeploymentPostprocessing = 0;
		};
		57540F8A2CDE0D93009F9D1C /* Sources */ = {
			isa = PBXSourcesBuildPhase;
			buildActionMask = 2147483647;
			files = (
			);
			runOnlyForDeploymentPostprocessing = 0;
		};
/* End PBXSourcesBuildPhase section */

/* Begin PBXTargetDependency section */
		57540F862CDE0D93009F9D1C /* PBXTargetDependency */ = {
			isa = PBXTargetDependency;
			target = 57540F732CDE0D90009F9D1C /* AirbnbSwiftUI */;
			targetProxy = 57540F852CDE0D93009F9D1C /* PBXContainerItemProxy */;
		};
		57540F902CDE0D93009F9D1C /* PBXTargetDependency */ = {
			isa = PBXTargetDependency;
			target = 57540F732CDE0D90009F9D1C /* AirbnbSwiftUI */;
			targetProxy = 57540F8F2CDE0D93009F9D1C /* PBXContainerItemProxy */;
		};
/* End PBXTargetDependency section */

/* Begin XCBuildConfiguration section */
		57540F962CDE0D93009F9D1C /* Debug */ = {
			isa = XCBuildConfiguration;
			buildSettings = {
				ALWAYS_SEARCH_USER_PATHS = NO;
				ASSETCATALOG_COMPILER_GENERATE_SWIFT_ASSET_SYMBOL_EXTENSIONS = YES;
				CLANG_ANALYZER_NONNULL = YES;
				CLANG_ANALYZER_NUMBER_OBJECT_CONVERSION = YES_AGGRESSIVE;
				CLANG_CXX_LANGUAGE_STANDARD = "gnu++20";
				CLANG_ENABLE_MODULES = YES;
				CLANG_ENABLE_OBJC_ARC = YES;
				CLANG_ENABLE_OBJC_WEAK = YES;
				CLANG_WARN_BLOCK_CAPTURE_AUTORELEASING = YES;
				CLANG_WARN_BOOL_CONVERSION = YES;
				CLANG_WARN_COMMA = YES;
				CLANG_WARN_CONSTANT_CONVERSION = YES;
				CLANG_WARN_DEPRECATED_OBJC_IMPLEMENTATIONS = YES;
				CLANG_WARN_DIRECT_OBJC_ISA_USAGE = YES_ERROR;
				CLANG_WARN_DOCUMENTATION_COMMENTS = YES;
				CLANG_WARN_EMPTY_BODY = YES;
				CLANG_WARN_ENUM_CONVERSION = YES;
				CLANG_WARN_INFINITE_RECURSION = YES;
				CLANG_WARN_INT_CONVERSION = YES;
				CLANG_WARN_NON_LITERAL_NULL_CONVERSION = YES;
				CLANG_WARN_OBJC_IMPLICIT_RETAIN_SELF = YES;
				CLANG_WARN_OBJC_LITERAL_CONVERSION = YES;
				CLANG_WARN_OBJC_ROOT_CLASS = YES_ERROR;
				CLANG_WARN_QUOTED_INCLUDE_IN_FRAMEWORK_HEADER = YES;
				CLANG_WARN_RANGE_LOOP_ANALYSIS = YES;
				CLANG_WARN_STRICT_PROTOTYPES = YES;
				CLANG_WARN_SUSPICIOUS_MOVE = YES;
				CLANG_WARN_UNGUARDED_AVAILABILITY = YES_AGGRESSIVE;
				CLANG_WARN_UNREACHABLE_CODE = YES;
				CLANG_WARN__DUPLICATE_METHOD_MATCH = YES;
				COPY_PHASE_STRIP = NO;
				DEBUG_INFORMATION_FORMAT = dwarf;
				ENABLE_STRICT_OBJC_MSGSEND = YES;
				ENABLE_TESTABILITY = YES;
				ENABLE_USER_SCRIPT_SANDBOXING = YES;
				GCC_C_LANGUAGE_STANDARD = gnu17;
				GCC_DYNAMIC_NO_PIC = NO;
				GCC_NO_COMMON_BLOCKS = YES;
				GCC_OPTIMIZATION_LEVEL = 0;
				GCC_PREPROCESSOR_DEFINITIONS = (
					"DEBUG=1",
					"$(inherited)",
				);
				GCC_WARN_64_TO_32_BIT_CONVERSION = YES;
				GCC_WARN_ABOUT_RETURN_TYPE = YES_ERROR;
				GCC_WARN_UNDECLARED_SELECTOR = YES;
				GCC_WARN_UNINITIALIZED_AUTOS = YES_AGGRESSIVE;
				GCC_WARN_UNUSED_FUNCTION = YES;
				GCC_WARN_UNUSED_VARIABLE = YES;
				IPHONEOS_DEPLOYMENT_TARGET = 18.1;
				LOCALIZATION_PREFERS_STRING_CATALOGS = YES;
				MTL_ENABLE_DEBUG_INFO = INCLUDE_SOURCE;
				MTL_FAST_MATH = YES;
				ONLY_ACTIVE_ARCH = YES;
				SDKROOT = iphoneos;
				SWIFT_ACTIVE_COMPILATION_CONDITIONS = "DEBUG $(inherited)";
				SWIFT_OPTIMIZATION_LEVEL = "-Onone";
			};
			name = Debug;
		};
		57540F972CDE0D93009F9D1C /* Release */ = {
			isa = XCBuildConfiguration;
			buildSettings = {
				ALWAYS_SEARCH_USER_PATHS = NO;
				ASSETCATALOG_COMPILER_GENERATE_SWIFT_ASSET_SYMBOL_EXTENSIONS = YES;
				CLANG_ANALYZER_NONNULL = YES;
				CLANG_ANALYZER_NUMBER_OBJECT_CONVERSION = YES_AGGRESSIVE;
				CLANG_CXX_LANGUAGE_STANDARD = "gnu++20";
				CLANG_ENABLE_MODULES = YES;
				CLANG_ENABLE_OBJC_ARC = YES;
				CLANG_ENABLE_OBJC_WEAK = YES;
				CLANG_WARN_BLOCK_CAPTURE_AUTORELEASING = YES;
				CLANG_WARN_BOOL_CONVERSION = YES;
				CLANG_WARN_COMMA = YES;
				CLANG_WARN_CONSTANT_CONVERSION = YES;
				CLANG_WARN_DEPRECATED_OBJC_IMPLEMENTATIONS = YES;
				CLANG_WARN_DIRECT_OBJC_ISA_USAGE = YES_ERROR;
				CLANG_WARN_DOCUMENTATION_COMMENTS = YES;
				CLANG_WARN_EMPTY_BODY = YES;
				CLANG_WARN_ENUM_CONVERSION = YES;
				CLANG_WARN_INFINITE_RECURSION = YES;
				CLANG_WARN_INT_CONVERSION = YES;
				CLANG_WARN_NON_LITERAL_NULL_CONVERSION = YES;
				CLANG_WARN_OBJC_IMPLICIT_RETAIN_SELF = YES;
				CLANG_WARN_OBJC_LITERAL_CONVERSION = YES;
				CLANG_WARN_OBJC_ROOT_CLASS = YES_ERROR;
				CLANG_WARN_QUOTED_INCLUDE_IN_FRAMEWORK_HEADER = YES;
				CLANG_WARN_RANGE_LOOP_ANALYSIS = YES;
				CLANG_WARN_STRICT_PROTOTYPES = YES;
				CLANG_WARN_SUSPICIOUS_MOVE = YES;
				CLANG_WARN_UNGUARDED_AVAILABILITY = YES_AGGRESSIVE;
				CLANG_WARN_UNREACHABLE_CODE = YES;
				CLANG_WARN__DUPLICATE_METHOD_MATCH = YES;
				COPY_PHASE_STRIP = NO;
				DEBUG_INFORMATION_FORMAT = "dwarf-with-dsym";
				ENABLE_NS_ASSERTIONS = NO;
				ENABLE_STRICT_OBJC_MSGSEND = YES;
				ENABLE_USER_SCRIPT_SANDBOXING = YES;
				GCC_C_LANGUAGE_STANDARD = gnu17;
				GCC_NO_COMMON_BLOCKS = YES;
				GCC_WARN_64_TO_32_BIT_CONVERSION = YES;
				GCC_WARN_ABOUT_RETURN_TYPE = YES_ERROR;
				GCC_WARN_UNDECLARED_SELECTOR = YES;
				GCC_WARN_UNINITIALIZED_AUTOS = YES_AGGRESSIVE;
				GCC_WARN_UNUSED_FUNCTION = YES;
				GCC_WARN_UNUSED_VARIABLE = YES;
				IPHONEOS_DEPLOYMENT_TARGET = 18.1;
				LOCALIZATION_PREFERS_STRING_CATALOGS = YES;
				MTL_ENABLE_DEBUG_INFO = NO;
				MTL_FAST_MATH = YES;
				SDKROOT = iphoneos;
				SWIFT_COMPILATION_MODE = wholemodule;
				VALIDATE_PRODUCT = YES;
			};
			name = Release;
		};
		57540F992CDE0D93009F9D1C /* Debug */ = {
			isa = XCBuildConfiguration;
			buildSettings = {
				ASSETCATALOG_COMPILER_APPICON_NAME = AppIcon;
				ASSETCATALOG_COMPILER_GLOBAL_ACCENT_COLOR_NAME = AccentColor;
				CODE_SIGN_STYLE = Automatic;
				CURRENT_PROJECT_VERSION = 1;
				DEVELOPMENT_ASSET_PATHS = "\"AirbnbSwiftUI/Preview Content\"";
				ENABLE_PREVIEWS = YES;
				GENERATE_INFOPLIST_FILE = YES;
				INFOPLIST_KEY_UIApplicationSceneManifest_Generation = YES;
				INFOPLIST_KEY_UIApplicationSupportsIndirectInputEvents = YES;
				INFOPLIST_KEY_UILaunchScreen_Generation = YES;
				INFOPLIST_KEY_UISupportedInterfaceOrientations_iPad = "UIInterfaceOrientationPortrait UIInterfaceOrientationPortraitUpsideDown UIInterfaceOrientationLandscapeLeft UIInterfaceOrientationLandscapeRight";
				INFOPLIST_KEY_UISupportedInterfaceOrientations_iPhone = "UIInterfaceOrientationPortrait UIInterfaceOrientationLandscapeLeft UIInterfaceOrientationLandscapeRight";
				LD_RUNPATH_SEARCH_PATHS = (
					"$(inherited)",
					"@executable_path/Frameworks",
				);
				MARKETING_VERSION = 1.0;
				PRODUCT_BUNDLE_IDENTIFIER = demo.AirbnbSwiftUI;
				PRODUCT_NAME = "$(TARGET_NAME)";
				SWIFT_EMIT_LOC_STRINGS = YES;
				SWIFT_VERSION = 5.0;
				TARGETED_DEVICE_FAMILY = "1,2";
			};
			name = Debug;
		};
		57540F9A2CDE0D93009F9D1C /* Release */ = {
			isa = XCBuildConfiguration;
			buildSettings = {
				ASSETCATALOG_COMPILER_APPICON_NAME = AppIcon;
				ASSETCATALOG_COMPILER_GLOBAL_ACCENT_COLOR_NAME = AccentColor;
				CODE_SIGN_STYLE = Automatic;
				CURRENT_PROJECT_VERSION = 1;
				DEVELOPMENT_ASSET_PATHS = "\"AirbnbSwiftUI/Preview Content\"";
				ENABLE_PREVIEWS = YES;
				GENERATE_INFOPLIST_FILE = YES;
				INFOPLIST_KEY_UIApplicationSceneManifest_Generation = YES;
				INFOPLIST_KEY_UIApplicationSupportsIndirectInputEvents = YES;
				INFOPLIST_KEY_UILaunchScreen_Generation = YES;
				INFOPLIST_KEY_UISupportedInterfaceOrientations_iPad = "UIInterfaceOrientationPortrait UIInterfaceOrientationPortraitUpsideDown UIInterfaceOrientationLandscapeLeft UIInterfaceOrientationLandscapeRight";
				INFOPLIST_KEY_UISupportedInterfaceOrientations_iPhone = "UIInterfaceOrientationPortrait UIInterfaceOrientationLandscapeLeft UIInterfaceOrientationLandscapeRight";
				LD_RUNPATH_SEARCH_PATHS = (
					"$(inherited)",
					"@executable_path/Frameworks",
				);
				MARKETING_VERSION = 1.0;
				PRODUCT_BUNDLE_IDENTIFIER = demo.AirbnbSwiftUI;
				PRODUCT_NAME = "$(TARGET_NAME)";
				SWIFT_EMIT_LOC_STRINGS = YES;
				SWIFT_VERSION = 5.0;
				TARGETED_DEVICE_FAMILY = "1,2";
			};
			name = Release;
		};
		57540F9C2CDE0D93009F9D1C /* Debug */ = {
			isa = XCBuildConfiguration;
			buildSettings = {
				BUNDLE_LOADER = "$(TEST_HOST)";
				CODE_SIGN_STYLE = Automatic;
				CURRENT_PROJECT_VERSION = 1;
				GENERATE_INFOPLIST_FILE = YES;
				IPHONEOS_DEPLOYMENT_TARGET = 18.1;
				MARKETING_VERSION = 1.0;
				PRODUCT_BUNDLE_IDENTIFIER = demo.AirbnbSwiftUITests;
				PRODUCT_NAME = "$(TARGET_NAME)";
				SWIFT_EMIT_LOC_STRINGS = NO;
				SWIFT_VERSION = 5.0;
				TARGETED_DEVICE_FAMILY = "1,2";
				TEST_HOST = "$(BUILT_PRODUCTS_DIR)/AirbnbSwiftUI.app/$(BUNDLE_EXECUTABLE_FOLDER_PATH)/AirbnbSwiftUI";
			};
			name = Debug;
		};
		57540F9D2CDE0D93009F9D1C /* Release */ = {
			isa = XCBuildConfiguration;
			buildSettings = {
				BUNDLE_LOADER = "$(TEST_HOST)";
				CODE_SIGN_STYLE = Automatic;
				CURRENT_PROJECT_VERSION = 1;
				GENERATE_INFOPLIST_FILE = YES;
				IPHONEOS_DEPLOYMENT_TARGET = 18.1;
				MARKETING_VERSION = 1.0;
				PRODUCT_BUNDLE_IDENTIFIER = demo.AirbnbSwiftUITests;
				PRODUCT_NAME = "$(TARGET_NAME)";
				SWIFT_EMIT_LOC_STRINGS = NO;
				SWIFT_VERSION = 5.0;
				TARGETED_DEVICE_FAMILY = "1,2";
				TEST_HOST = "$(BUILT_PRODUCTS_DIR)/AirbnbSwiftUI.app/$(BUNDLE_EXECUTABLE_FOLDER_PATH)/AirbnbSwiftUI";
			};
			name = Release;
		};
		57540F9F2CDE0D93009F9D1C /* Debug */ = {
			isa = XCBuildConfiguration;
			buildSettings = {
				CODE_SIGN_STYLE = Automatic;
				CURRENT_PROJECT_VERSION = 1;
				GENERATE_INFOPLIST_FILE = YES;
				MARKETING_VERSION = 1.0;
				PRODUCT_BUNDLE_IDENTIFIER = demo.AirbnbSwiftUIUITests;
				PRODUCT_NAME = "$(TARGET_NAME)";
				SWIFT_EMIT_LOC_STRINGS = NO;
				SWIFT_VERSION = 5.0;
				TARGETED_DEVICE_FAMILY = "1,2";
				TEST_TARGET_NAME = AirbnbSwiftUI;
			};
			name = Debug;
		};
		57540FA02CDE0D93009F9D1C /* Release */ = {
			isa = XCBuildConfiguration;
			buildSettings = {
				CODE_SIGN_STYLE = Automatic;
				CURRENT_PROJECT_VERSION = 1;
				GENERATE_INFOPLIST_FILE = YES;
				MARKETING_VERSION = 1.0;
				PRODUCT_BUNDLE_IDENTIFIER = demo.AirbnbSwiftUIUITests;
				PRODUCT_NAME = "$(TARGET_NAME)";
				SWIFT_EMIT_LOC_STRINGS = NO;
				SWIFT_VERSION = 5.0;
				TARGETED_DEVICE_FAMILY = "1,2";
				TEST_TARGET_NAME = AirbnbSwiftUI;
			};
			name = Release;
		};
/* End XCBuildConfiguration section */

/* Begin XCConfigurationList section */
		57540F6F2CDE0D90009F9D1C /* Build configuration list for PBXProject "AirbnbSwiftUI" */ = {
			isa = XCConfigurationList;
			buildConfigurations = (
				57540F962CDE0D93009F9D1C /* Debug */,
				57540F972CDE0D93009F9D1C /* Release */,
			);
			defaultConfigurationIsVisible = 0;
			defaultConfigurationName = Release;
		};
		57540F982CDE0D93009F9D1C /* Build configuration list for PBXNativeTarget "AirbnbSwiftUI" */ = {
			isa = XCConfigurationList;
			buildConfigurations = (
				57540F992CDE0D93009F9D1C /* Debug */,
				57540F9A2CDE0D93009F9D1C /* Release */,
			);
			defaultConfigurationIsVisible = 0;
			defaultConfigurationName = Release;
		};
		57540F9B2CDE0D93009F9D1C /* Build configuration list for PBXNativeTarget "AirbnbSwiftUITests" */ = {
			isa = XCConfigurationList;
			buildConfigurations = (
				57540F9C2CDE0D93009F9D1C /* Debug */,
				57540F9D2CDE0D93009F9D1C /* Release */,
			);
			defaultConfigurationIsVisible = 0;
			defaultConfigurationName = Release;
		};
		57540F9E2CDE0D93009F9D1C /* Build configuration list for PBXNativeTarget "AirbnbSwiftUIUITests" */ = {
			isa = XCConfigurationList;
			buildConfigurations = (
				57540F9F2CDE0D93009F9D1C /* Debug */,
				57540FA02CDE0D93009F9D1C /* Release */,
			);
			defaultConfigurationIsVisible = 0;
			defaultConfigurationName = Release;
		};
/* End XCConfigurationList section */
	};
	rootObject = 57540F6C2CDE0D90009F9D1C /* Project object */;
}
